
Microsoft Visual Studio Solution File, Format Version 12.00
# Visual Studio Version 17
VisualStudioVersion = 17.5.33530.505
MinimumVisualStudioVersion = 10.0.40219.1
Project("{FAE04EC0-301F-11D3-BF4B-00C04F79EFBC}") = "14", "14.csproj", "{3AD6EE2E-49CC-495D-AFF5-F28D7CB1389E}"
EndProject
Global
	GlobalSection(SolutionConfigurationPlatforms) = preSolution
		Debug|Any CPU = Debug|Any CPU
		Release|Any CPU = Release|Any CPU
	EndGlobalSection
	GlobalSection(ProjectConfigurationPlatforms) = postSolution
		{3AD6EE2E-49CC-495D-AFF5-F28D7CB1389E}.Debug|Any CPU.ActiveCfg = Debug|Any CPU
		{3AD6EE2E-49CC-495D-AFF5-F28D7CB1389E}.Debug|Any CPU.Build.0 = Debug|Any CPU
		{3AD6EE2E-49CC-495D-AFF5-F28D7CB1389E}.Release|Any CPU.ActiveCfg = Release|Any CPU
		{3AD6EE2E-49CC-495D-AFF5-F28D7CB1389E}.Release|Any CPU.Build.0 = Release|Any CPU
	EndGlobalSection
	GlobalSection(SolutionProperties) = preSolution
		HideSolutionNode = FALSE
	EndGlobalSection
	GlobalSection(ExtensibilityGlobals) = postSolution
		SolutionGuid = {B4745B5C-7541-4BE7-8416-2F6A3DF6351A}
	EndGlobalSection
EndGlobal
