
Microsoft Visual Studio Solution File, Format Version 12.00
# Visual Studio Version 17
VisualStudioVersion = 17.5.33627.172
MinimumVisualStudioVersion = 10.0.40219.1
Project("{FAE04EC0-301F-11D3-BF4B-00C04F79EFBC}") = "17", "17.csproj", "{1A9B7CD9-4396-45A6-B4FB-E3895E908006}"
EndProject
Global
	GlobalSection(SolutionConfigurationPlatforms) = preSolution
		Debug|Any CPU = Debug|Any CPU
		Release|Any CPU = Release|Any CPU
	EndGlobalSection
	GlobalSection(ProjectConfigurationPlatforms) = postSolution
		{1A9B7CD9-4396-45A6-B4FB-E3895E908006}.Debug|Any CPU.ActiveCfg = Debug|Any CPU
		{1A9B7CD9-4396-45A6-B4FB-E3895E908006}.Debug|Any CPU.Build.0 = Debug|Any CPU
		{1A9B7CD9-4396-45A6-B4FB-E3895E908006}.Release|Any CPU.ActiveCfg = Release|Any CPU
		{1A9B7CD9-4396-45A6-B4FB-E3895E908006}.Release|Any CPU.Build.0 = Release|Any CPU
	EndGlobalSection
	GlobalSection(SolutionProperties) = preSolution
		HideSolutionNode = FALSE
	EndGlobalSection
	GlobalSection(ExtensibilityGlobals) = postSolution
		SolutionGuid = {3AA7AB6F-1BA5-4803-B42B-6F71DCF03121}
	EndGlobalSection
EndGlobal
