
Microsoft Visual Studio Solution File, Format Version 12.00
# Visual Studio Version 17
VisualStudioVersion = 17.5.33530.505
MinimumVisualStudioVersion = 10.0.40219.1
Project("{FAE04EC0-301F-11D3-BF4B-00C04F79EFBC}") = "Tehtava-9", "Tehtava-9.csproj", "{A407A683-4357-4F72-AED7-EC67BEC70EEC}"
EndProject
Global
	GlobalSection(SolutionConfigurationPlatforms) = preSolution
		Debug|Any CPU = Debug|Any CPU
		Release|Any CPU = Release|Any CPU
	EndGlobalSection
	GlobalSection(ProjectConfigurationPlatforms) = postSolution
		{A407A683-4357-4F72-AED7-EC67BEC70EEC}.Debug|Any CPU.ActiveCfg = Debug|Any CPU
		{A407A683-4357-4F72-AED7-EC67BEC70EEC}.Debug|Any CPU.Build.0 = Debug|Any CPU
		{A407A683-4357-4F72-AED7-EC67BEC70EEC}.Release|Any CPU.ActiveCfg = Release|Any CPU
		{A407A683-4357-4F72-AED7-EC67BEC70EEC}.Release|Any CPU.Build.0 = Release|Any CPU
	EndGlobalSection
	GlobalSection(SolutionProperties) = preSolution
		HideSolutionNode = FALSE
	EndGlobalSection
	GlobalSection(ExtensibilityGlobals) = postSolution
		SolutionGuid = {E938513C-7557-411F-9FBB-AA1D0B7588A9}
	EndGlobalSection
EndGlobal
